
Microsoft Visual Studio Solution File, Format Version 12.00
# Visual Studio Version 16
VisualStudioVersion = 16.0.30320.27
MinimumVisualStudioVersion = 10.0.40219.1
Project("{9A19103F-16F7-4668-BE54-9A1E7A4F7556}") = "SOHU.Data", "SOHU.Data\SOHU.Data.csproj", "{45AFC0E2-EFEA-450C-9468-B0D7A4EC674B}"
EndProject
Project("{9A19103F-16F7-4668-BE54-9A1E7A4F7556}") = "SOHU.MVC", "SOHU.MVC\SOHU.MVC.csproj", "{99D48E92-E25A-40C0-9207-DFF79A806770}"
EndProject
Project("{9A19103F-16F7-4668-BE54-9A1E7A4F7556}") = "SOHU.Service", "SOHU.Service\SOHU.Service.csproj", "{06FEEE96-D08A-44B2-AAAF-B39D7D25482C}"
EndProject
Project("{9A19103F-16F7-4668-BE54-9A1E7A4F7556}") = "SOHU.API", "SOHU.API\SOHU.API.csproj", "{A13F8AC0-F100-4586-9E8D-336F82B9EC34}"
EndProject
Project("{9A19103F-16F7-4668-BE54-9A1E7A4F7556}") = "NghiaHa.MVC", "NghiaHa.MVC\NghiaHa.MVC.csproj", "{4BE6DB6E-EE63-47AA-9D80-7AF7BC4B0AF1}"
EndProject
Project("{9A19103F-16F7-4668-BE54-9A1E7A4F7556}") = "NghiaHa.CRM.Web", "NghiaHa.CRM\NghiaHa.CRM.Web.csproj", "{AD6B1EAF-8A02-4E96-86CF-8BC5E12E262A}"
EndProject
Project("{2150E333-8FDC-42A3-9474-1A3956D46DE8}") = "Solution Items", "Solution Items", "{6447DD4D-87AB-49B4-AEC8-4CC3D2646C11}"
	ProjectSection(SolutionItems) = preProject
		global.json = global.json
	EndProjectSection
EndProject
Project("{9A19103F-16F7-4668-BE54-9A1E7A4F7556}") = "Euronailsupply", "Euronailsupply\Euronailsupply.csproj", "{BB93941F-B9D9-4D2A-90FC-1FD46C2787DF}"
EndProject
Global
	GlobalSection(SolutionConfigurationPlatforms) = preSolution
		Ad-Hoc|Any CPU = Ad-Hoc|Any CPU
		Ad-Hoc|iPhone = Ad-Hoc|iPhone
		Ad-Hoc|iPhoneSimulator = Ad-Hoc|iPhoneSimulator
		AppStore|Any CPU = AppStore|Any CPU
		AppStore|iPhone = AppStore|iPhone
		AppStore|iPhoneSimulator = AppStore|iPhoneSimulator
		Debug|Any CPU = Debug|Any CPU
		Debug|iPhone = Debug|iPhone
		Debug|iPhoneSimulator = Debug|iPhoneSimulator
		Release|Any CPU = Release|Any CPU
		Release|iPhone = Release|iPhone
		Release|iPhoneSimulator = Release|iPhoneSimulator
	EndGlobalSection
	GlobalSection(ProjectConfigurationPlatforms) = postSolution
		{45AFC0E2-EFEA-450C-9468-B0D7A4EC674B}.Ad-Hoc|Any CPU.ActiveCfg = Release|Any CPU
		{45AFC0E2-EFEA-450C-9468-B0D7A4EC674B}.Ad-Hoc|Any CPU.Build.0 = Release|Any CPU
		{45AFC0E2-EFEA-450C-9468-B0D7A4EC674B}.Ad-Hoc|iPhone.ActiveCfg = Release|Any CPU
		{45AFC0E2-EFEA-450C-9468-B0D7A4EC674B}.Ad-Hoc|iPhone.Build.0 = Release|Any CPU
		{45AFC0E2-EFEA-450C-9468-B0D7A4EC674B}.Ad-Hoc|iPhoneSimulator.ActiveCfg = Release|Any CPU
		{45AFC0E2-EFEA-450C-9468-B0D7A4EC674B}.Ad-Hoc|iPhoneSimulator.Build.0 = Release|Any CPU
		{45AFC0E2-EFEA-450C-9468-B0D7A4EC674B}.AppStore|Any CPU.ActiveCfg = Release|Any CPU
		{45AFC0E2-EFEA-450C-9468-B0D7A4EC674B}.AppStore|Any CPU.Build.0 = Release|Any CPU
		{45AFC0E2-EFEA-450C-9468-B0D7A4EC674B}.AppStore|iPhone.ActiveCfg = Release|Any CPU
		{45AFC0E2-EFEA-450C-9468-B0D7A4EC674B}.AppStore|iPhone.Build.0 = Release|Any CPU
		{45AFC0E2-EFEA-450C-9468-B0D7A4EC674B}.AppStore|iPhoneSimulator.ActiveCfg = Release|Any CPU
		{45AFC0E2-EFEA-450C-9468-B0D7A4EC674B}.AppStore|iPhoneSimulator.Build.0 = Release|Any CPU
		{45AFC0E2-EFEA-450C-9468-B0D7A4EC674B}.Debug|Any CPU.ActiveCfg = Debug|Any CPU
		{45AFC0E2-EFEA-450C-9468-B0D7A4EC674B}.Debug|Any CPU.Build.0 = Debug|Any CPU
		{45AFC0E2-EFEA-450C-9468-B0D7A4EC674B}.Debug|iPhone.ActiveCfg = Debug|Any CPU
		{45AFC0E2-EFEA-450C-9468-B0D7A4EC674B}.Debug|iPhone.Build.0 = Debug|Any CPU
		{45AFC0E2-EFEA-450C-9468-B0D7A4EC674B}.Debug|iPhoneSimulator.ActiveCfg = Debug|Any CPU
		{45AFC0E2-EFEA-450C-9468-B0D7A4EC674B}.Debug|iPhoneSimulator.Build.0 = Debug|Any CPU
		{45AFC0E2-EFEA-450C-9468-B0D7A4EC674B}.Release|Any CPU.ActiveCfg = Release|Any CPU
		{45AFC0E2-EFEA-450C-9468-B0D7A4EC674B}.Release|Any CPU.Build.0 = Release|Any CPU
		{45AFC0E2-EFEA-450C-9468-B0D7A4EC674B}.Release|iPhone.ActiveCfg = Release|Any CPU
		{45AFC0E2-EFEA-450C-9468-B0D7A4EC674B}.Release|iPhone.Build.0 = Release|Any CPU
		{45AFC0E2-EFEA-450C-9468-B0D7A4EC674B}.Release|iPhoneSimulator.ActiveCfg = Release|Any CPU
		{45AFC0E2-EFEA-450C-9468-B0D7A4EC674B}.Release|iPhoneSimulator.Build.0 = Release|Any CPU
		{99D48E92-E25A-40C0-9207-DFF79A806770}.Ad-Hoc|Any CPU.ActiveCfg = Release|Any CPU
		{99D48E92-E25A-40C0-9207-DFF79A806770}.Ad-Hoc|Any CPU.Build.0 = Release|Any CPU
		{99D48E92-E25A-40C0-9207-DFF79A806770}.Ad-Hoc|iPhone.ActiveCfg = Release|Any CPU
		{99D48E92-E25A-40C0-9207-DFF79A806770}.Ad-Hoc|iPhone.Build.0 = Release|Any CPU
		{99D48E92-E25A-40C0-9207-DFF79A806770}.Ad-Hoc|iPhoneSimulator.ActiveCfg = Release|Any CPU
		{99D48E92-E25A-40C0-9207-DFF79A806770}.Ad-Hoc|iPhoneSimulator.Build.0 = Release|Any CPU
		{99D48E92-E25A-40C0-9207-DFF79A806770}.AppStore|Any CPU.ActiveCfg = Release|Any CPU
		{99D48E92-E25A-40C0-9207-DFF79A806770}.AppStore|Any CPU.Build.0 = Release|Any CPU
		{99D48E92-E25A-40C0-9207-DFF79A806770}.AppStore|iPhone.ActiveCfg = Release|Any CPU
		{99D48E92-E25A-40C0-9207-DFF79A806770}.AppStore|iPhone.Build.0 = Release|Any CPU
		{99D48E92-E25A-40C0-9207-DFF79A806770}.AppStore|iPhoneSimulator.ActiveCfg = Release|Any CPU
		{99D48E92-E25A-40C0-9207-DFF79A806770}.AppStore|iPhoneSimulator.Build.0 = Release|Any CPU
		{99D48E92-E25A-40C0-9207-DFF79A806770}.Debug|Any CPU.ActiveCfg = Debug|Any CPU
		{99D48E92-E25A-40C0-9207-DFF79A806770}.Debug|Any CPU.Build.0 = Debug|Any CPU
		{99D48E92-E25A-40C0-9207-DFF79A806770}.Debug|iPhone.ActiveCfg = Debug|Any CPU
		{99D48E92-E25A-40C0-9207-DFF79A806770}.Debug|iPhone.Build.0 = Debug|Any CPU
		{99D48E92-E25A-40C0-9207-DFF79A806770}.Debug|iPhoneSimulator.ActiveCfg = Debug|Any CPU
		{99D48E92-E25A-40C0-9207-DFF79A806770}.Debug|iPhoneSimulator.Build.0 = Debug|Any CPU
		{99D48E92-E25A-40C0-9207-DFF79A806770}.Release|Any CPU.ActiveCfg = Release|Any CPU
		{99D48E92-E25A-40C0-9207-DFF79A806770}.Release|Any CPU.Build.0 = Release|Any CPU
		{99D48E92-E25A-40C0-9207-DFF79A806770}.Release|iPhone.ActiveCfg = Release|Any CPU
		{99D48E92-E25A-40C0-9207-DFF79A806770}.Release|iPhone.Build.0 = Release|Any CPU
		{99D48E92-E25A-40C0-9207-DFF79A806770}.Release|iPhoneSimulator.ActiveCfg = Release|Any CPU
		{99D48E92-E25A-40C0-9207-DFF79A806770}.Release|iPhoneSimulator.Build.0 = Release|Any CPU
		{06FEEE96-D08A-44B2-AAAF-B39D7D25482C}.Ad-Hoc|Any CPU.ActiveCfg = Release|Any CPU
		{06FEEE96-D08A-44B2-AAAF-B39D7D25482C}.Ad-Hoc|Any CPU.Build.0 = Release|Any CPU
		{06FEEE96-D08A-44B2-AAAF-B39D7D25482C}.Ad-Hoc|iPhone.ActiveCfg = Release|Any CPU
		{06FEEE96-D08A-44B2-AAAF-B39D7D25482C}.Ad-Hoc|iPhone.Build.0 = Release|Any CPU
		{06FEEE96-D08A-44B2-AAAF-B39D7D25482C}.Ad-Hoc|iPhoneSimulator.ActiveCfg = Release|Any CPU
		{06FEEE96-D08A-44B2-AAAF-B39D7D25482C}.Ad-Hoc|iPhoneSimulator.Build.0 = Release|Any CPU
		{06FEEE96-D08A-44B2-AAAF-B39D7D25482C}.AppStore|Any CPU.ActiveCfg = Release|Any CPU
		{06FEEE96-D08A-44B2-AAAF-B39D7D25482C}.AppStore|Any CPU.Build.0 = Release|Any CPU
		{06FEEE96-D08A-44B2-AAAF-B39D7D25482C}.AppStore|iPhone.ActiveCfg = Release|Any CPU
		{06FEEE96-D08A-44B2-AAAF-B39D7D25482C}.AppStore|iPhone.Build.0 = Release|Any CPU
		{06FEEE96-D08A-44B2-AAAF-B39D7D25482C}.AppStore|iPhoneSimulator.ActiveCfg = Release|Any CPU
		{06FEEE96-D08A-44B2-AAAF-B39D7D25482C}.AppStore|iPhoneSimulator.Build.0 = Release|Any CPU
		{06FEEE96-D08A-44B2-AAAF-B39D7D25482C}.Debug|Any CPU.ActiveCfg = Debug|Any CPU
		{06FEEE96-D08A-44B2-AAAF-B39D7D25482C}.Debug|Any CPU.Build.0 = Debug|Any CPU
		{06FEEE96-D08A-44B2-AAAF-B39D7D25482C}.Debug|iPhone.ActiveCfg = Debug|Any CPU
		{06FEEE96-D08A-44B2-AAAF-B39D7D25482C}.Debug|iPhone.Build.0 = Debug|Any CPU
		{06FEEE96-D08A-44B2-AAAF-B39D7D25482C}.Debug|iPhoneSimulator.ActiveCfg = Debug|Any CPU
		{06FEEE96-D08A-44B2-AAAF-B39D7D25482C}.Debug|iPhoneSimulator.Build.0 = Debug|Any CPU
		{06FEEE96-D08A-44B2-AAAF-B39D7D25482C}.Release|Any CPU.ActiveCfg = Release|Any CPU
		{06FEEE96-D08A-44B2-AAAF-B39D7D25482C}.Release|Any CPU.Build.0 = Release|Any CPU
		{06FEEE96-D08A-44B2-AAAF-B39D7D25482C}.Release|iPhone.ActiveCfg = Release|Any CPU
		{06FEEE96-D08A-44B2-AAAF-B39D7D25482C}.Release|iPhone.Build.0 = Release|Any CPU
		{06FEEE96-D08A-44B2-AAAF-B39D7D25482C}.Release|iPhoneSimulator.ActiveCfg = Release|Any CPU
		{06FEEE96-D08A-44B2-AAAF-B39D7D25482C}.Release|iPhoneSimulator.Build.0 = Release|Any CPU
		{A13F8AC0-F100-4586-9E8D-336F82B9EC34}.Ad-Hoc|Any CPU.ActiveCfg = Debug|Any CPU
		{A13F8AC0-F100-4586-9E8D-336F82B9EC34}.Ad-Hoc|Any CPU.Build.0 = Debug|Any CPU
		{A13F8AC0-F100-4586-9E8D-336F82B9EC34}.Ad-Hoc|iPhone.ActiveCfg = Debug|Any CPU
		{A13F8AC0-F100-4586-9E8D-336F82B9EC34}.Ad-Hoc|iPhone.Build.0 = Debug|Any CPU
		{A13F8AC0-F100-4586-9E8D-336F82B9EC34}.Ad-Hoc|iPhoneSimulator.ActiveCfg = Debug|Any CPU
		{A13F8AC0-F100-4586-9E8D-336F82B9EC34}.Ad-Hoc|iPhoneSimulator.Build.0 = Debug|Any CPU
		{A13F8AC0-F100-4586-9E8D-336F82B9EC34}.AppStore|Any CPU.ActiveCfg = Debug|Any CPU
		{A13F8AC0-F100-4586-9E8D-336F82B9EC34}.AppStore|Any CPU.Build.0 = Debug|Any CPU
		{A13F8AC0-F100-4586-9E8D-336F82B9EC34}.AppStore|iPhone.ActiveCfg = Debug|Any CPU
		{A13F8AC0-F100-4586-9E8D-336F82B9EC34}.AppStore|iPhone.Build.0 = Debug|Any CPU
		{A13F8AC0-F100-4586-9E8D-336F82B9EC34}.AppStore|iPhoneSimulator.ActiveCfg = Debug|Any CPU
		{A13F8AC0-F100-4586-9E8D-336F82B9EC34}.AppStore|iPhoneSimulator.Build.0 = Debug|Any CPU
		{A13F8AC0-F100-4586-9E8D-336F82B9EC34}.Debug|Any CPU.ActiveCfg = Debug|Any CPU
		{A13F8AC0-F100-4586-9E8D-336F82B9EC34}.Debug|Any CPU.Build.0 = Debug|Any CPU
		{A13F8AC0-F100-4586-9E8D-336F82B9EC34}.Debug|iPhone.ActiveCfg = Debug|Any CPU
		{A13F8AC0-F100-4586-9E8D-336F82B9EC34}.Debug|iPhone.Build.0 = Debug|Any CPU
		{A13F8AC0-F100-4586-9E8D-336F82B9EC34}.Debug|iPhoneSimulator.ActiveCfg = Debug|Any CPU
		{A13F8AC0-F100-4586-9E8D-336F82B9EC34}.Debug|iPhoneSimulator.Build.0 = Debug|Any CPU
		{A13F8AC0-F100-4586-9E8D-336F82B9EC34}.Release|Any CPU.ActiveCfg = Release|Any CPU
		{A13F8AC0-F100-4586-9E8D-336F82B9EC34}.Release|Any CPU.Build.0 = Release|Any CPU
		{A13F8AC0-F100-4586-9E8D-336F82B9EC34}.Release|iPhone.ActiveCfg = Release|Any CPU
		{A13F8AC0-F100-4586-9E8D-336F82B9EC34}.Release|iPhone.Build.0 = Release|Any CPU
		{A13F8AC0-F100-4586-9E8D-336F82B9EC34}.Release|iPhoneSimulator.ActiveCfg = Release|Any CPU
		{A13F8AC0-F100-4586-9E8D-336F82B9EC34}.Release|iPhoneSimulator.Build.0 = Release|Any CPU
		{4BE6DB6E-EE63-47AA-9D80-7AF7BC4B0AF1}.Ad-Hoc|Any CPU.ActiveCfg = Debug|Any CPU
		{4BE6DB6E-EE63-47AA-9D80-7AF7BC4B0AF1}.Ad-Hoc|Any CPU.Build.0 = Debug|Any CPU
		{4BE6DB6E-EE63-47AA-9D80-7AF7BC4B0AF1}.Ad-Hoc|iPhone.ActiveCfg = Debug|Any CPU
		{4BE6DB6E-EE63-47AA-9D80-7AF7BC4B0AF1}.Ad-Hoc|iPhone.Build.0 = Debug|Any CPU
		{4BE6DB6E-EE63-47AA-9D80-7AF7BC4B0AF1}.Ad-Hoc|iPhoneSimulator.ActiveCfg = Debug|Any CPU
		{4BE6DB6E-EE63-47AA-9D80-7AF7BC4B0AF1}.Ad-Hoc|iPhoneSimulator.Build.0 = Debug|Any CPU
		{4BE6DB6E-EE63-47AA-9D80-7AF7BC4B0AF1}.AppStore|Any CPU.ActiveCfg = Debug|Any CPU
		{4BE6DB6E-EE63-47AA-9D80-7AF7BC4B0AF1}.AppStore|Any CPU.Build.0 = Debug|Any CPU
		{4BE6DB6E-EE63-47AA-9D80-7AF7BC4B0AF1}.AppStore|iPhone.ActiveCfg = Debug|Any CPU
		{4BE6DB6E-EE63-47AA-9D80-7AF7BC4B0AF1}.AppStore|iPhone.Build.0 = Debug|Any CPU
		{4BE6DB6E-EE63-47AA-9D80-7AF7BC4B0AF1}.AppStore|iPhoneSimulator.ActiveCfg = Debug|Any CPU
		{4BE6DB6E-EE63-47AA-9D80-7AF7BC4B0AF1}.AppStore|iPhoneSimulator.Build.0 = Debug|Any CPU
		{4BE6DB6E-EE63-47AA-9D80-7AF7BC4B0AF1}.Debug|Any CPU.ActiveCfg = Debug|Any CPU
		{4BE6DB6E-EE63-47AA-9D80-7AF7BC4B0AF1}.Debug|Any CPU.Build.0 = Debug|Any CPU
		{4BE6DB6E-EE63-47AA-9D80-7AF7BC4B0AF1}.Debug|iPhone.ActiveCfg = Debug|Any CPU
		{4BE6DB6E-EE63-47AA-9D80-7AF7BC4B0AF1}.Debug|iPhone.Build.0 = Debug|Any CPU
		{4BE6DB6E-EE63-47AA-9D80-7AF7BC4B0AF1}.Debug|iPhoneSimulator.ActiveCfg = Debug|Any CPU
		{4BE6DB6E-EE63-47AA-9D80-7AF7BC4B0AF1}.Debug|iPhoneSimulator.Build.0 = Debug|Any CPU
		{4BE6DB6E-EE63-47AA-9D80-7AF7BC4B0AF1}.Release|Any CPU.ActiveCfg = Release|Any CPU
		{4BE6DB6E-EE63-47AA-9D80-7AF7BC4B0AF1}.Release|Any CPU.Build.0 = Release|Any CPU
		{4BE6DB6E-EE63-47AA-9D80-7AF7BC4B0AF1}.Release|iPhone.ActiveCfg = Release|Any CPU
		{4BE6DB6E-EE63-47AA-9D80-7AF7BC4B0AF1}.Release|iPhone.Build.0 = Release|Any CPU
		{4BE6DB6E-EE63-47AA-9D80-7AF7BC4B0AF1}.Release|iPhoneSimulator.ActiveCfg = Release|Any CPU
		{4BE6DB6E-EE63-47AA-9D80-7AF7BC4B0AF1}.Release|iPhoneSimulator.Build.0 = Release|Any CPU
		{AD6B1EAF-8A02-4E96-86CF-8BC5E12E262A}.Ad-Hoc|Any CPU.ActiveCfg = Debug|Any CPU
		{AD6B1EAF-8A02-4E96-86CF-8BC5E12E262A}.Ad-Hoc|Any CPU.Build.0 = Debug|Any CPU
		{AD6B1EAF-8A02-4E96-86CF-8BC5E12E262A}.Ad-Hoc|iPhone.ActiveCfg = Debug|Any CPU
		{AD6B1EAF-8A02-4E96-86CF-8BC5E12E262A}.Ad-Hoc|iPhone.Build.0 = Debug|Any CPU
		{AD6B1EAF-8A02-4E96-86CF-8BC5E12E262A}.Ad-Hoc|iPhoneSimulator.ActiveCfg = Debug|Any CPU
		{AD6B1EAF-8A02-4E96-86CF-8BC5E12E262A}.Ad-Hoc|iPhoneSimulator.Build.0 = Debug|Any CPU
		{AD6B1EAF-8A02-4E96-86CF-8BC5E12E262A}.AppStore|Any CPU.ActiveCfg = Debug|Any CPU
		{AD6B1EAF-8A02-4E96-86CF-8BC5E12E262A}.AppStore|Any CPU.Build.0 = Debug|Any CPU
		{AD6B1EAF-8A02-4E96-86CF-8BC5E12E262A}.AppStore|iPhone.ActiveCfg = Debug|Any CPU
		{AD6B1EAF-8A02-4E96-86CF-8BC5E12E262A}.AppStore|iPhone.Build.0 = Debug|Any CPU
		{AD6B1EAF-8A02-4E96-86CF-8BC5E12E262A}.AppStore|iPhoneSimulator.ActiveCfg = Debug|Any CPU
		{AD6B1EAF-8A02-4E96-86CF-8BC5E12E262A}.AppStore|iPhoneSimulator.Build.0 = Debug|Any CPU
		{AD6B1EAF-8A02-4E96-86CF-8BC5E12E262A}.Debug|Any CPU.ActiveCfg = Debug|Any CPU
		{AD6B1EAF-8A02-4E96-86CF-8BC5E12E262A}.Debug|Any CPU.Build.0 = Debug|Any CPU
		{AD6B1EAF-8A02-4E96-86CF-8BC5E12E262A}.Debug|iPhone.ActiveCfg = Debug|Any CPU
		{AD6B1EAF-8A02-4E96-86CF-8BC5E12E262A}.Debug|iPhone.Build.0 = Debug|Any CPU
		{AD6B1EAF-8A02-4E96-86CF-8BC5E12E262A}.Debug|iPhoneSimulator.ActiveCfg = Debug|Any CPU
		{AD6B1EAF-8A02-4E96-86CF-8BC5E12E262A}.Debug|iPhoneSimulator.Build.0 = Debug|Any CPU
		{AD6B1EAF-8A02-4E96-86CF-8BC5E12E262A}.Release|Any CPU.ActiveCfg = Release|Any CPU
		{AD6B1EAF-8A02-4E96-86CF-8BC5E12E262A}.Release|Any CPU.Build.0 = Release|Any CPU
		{AD6B1EAF-8A02-4E96-86CF-8BC5E12E262A}.Release|iPhone.ActiveCfg = Release|Any CPU
		{AD6B1EAF-8A02-4E96-86CF-8BC5E12E262A}.Release|iPhone.Build.0 = Release|Any CPU
		{AD6B1EAF-8A02-4E96-86CF-8BC5E12E262A}.Release|iPhoneSimulator.ActiveCfg = Release|Any CPU
		{AD6B1EAF-8A02-4E96-86CF-8BC5E12E262A}.Release|iPhoneSimulator.Build.0 = Release|Any CPU
		{BB93941F-B9D9-4D2A-90FC-1FD46C2787DF}.Ad-Hoc|Any CPU.ActiveCfg = Release|Any CPU
		{BB93941F-B9D9-4D2A-90FC-1FD46C2787DF}.Ad-Hoc|Any CPU.Build.0 = Release|Any CPU
		{BB93941F-B9D9-4D2A-90FC-1FD46C2787DF}.Ad-Hoc|iPhone.ActiveCfg = Release|Any CPU
		{BB93941F-B9D9-4D2A-90FC-1FD46C2787DF}.Ad-Hoc|iPhone.Build.0 = Release|Any CPU
		{BB93941F-B9D9-4D2A-90FC-1FD46C2787DF}.Ad-Hoc|iPhoneSimulator.ActiveCfg = Release|Any CPU
		{BB93941F-B9D9-4D2A-90FC-1FD46C2787DF}.Ad-Hoc|iPhoneSimulator.Build.0 = Release|Any CPU
		{BB93941F-B9D9-4D2A-90FC-1FD46C2787DF}.AppStore|Any CPU.ActiveCfg = Release|Any CPU
		{BB93941F-B9D9-4D2A-90FC-1FD46C2787DF}.AppStore|Any CPU.Build.0 = Release|Any CPU
		{BB93941F-B9D9-4D2A-90FC-1FD46C2787DF}.AppStore|iPhone.ActiveCfg = Release|Any CPU
		{BB93941F-B9D9-4D2A-90FC-1FD46C2787DF}.AppStore|iPhone.Build.0 = Release|Any CPU
		{BB93941F-B9D9-4D2A-90FC-1FD46C2787DF}.AppStore|iPhoneSimulator.ActiveCfg = Release|Any CPU
		{BB93941F-B9D9-4D2A-90FC-1FD46C2787DF}.AppStore|iPhoneSimulator.Build.0 = Release|Any CPU
		{BB93941F-B9D9-4D2A-90FC-1FD46C2787DF}.Debug|Any CPU.ActiveCfg = Debug|Any CPU
		{BB93941F-B9D9-4D2A-90FC-1FD46C2787DF}.Debug|Any CPU.Build.0 = Debug|Any CPU
		{BB93941F-B9D9-4D2A-90FC-1FD46C2787DF}.Debug|iPhone.ActiveCfg = Debug|Any CPU
		{BB93941F-B9D9-4D2A-90FC-1FD46C2787DF}.Debug|iPhone.Build.0 = Debug|Any CPU
		{BB93941F-B9D9-4D2A-90FC-1FD46C2787DF}.Debug|iPhoneSimulator.ActiveCfg = Debug|Any CPU
		{BB93941F-B9D9-4D2A-90FC-1FD46C2787DF}.Debug|iPhoneSimulator.Build.0 = Debug|Any CPU
		{BB93941F-B9D9-4D2A-90FC-1FD46C2787DF}.Release|Any CPU.ActiveCfg = Release|Any CPU
		{BB93941F-B9D9-4D2A-90FC-1FD46C2787DF}.Release|Any CPU.Build.0 = Release|Any CPU
		{BB93941F-B9D9-4D2A-90FC-1FD46C2787DF}.Release|iPhone.ActiveCfg = Release|Any CPU
		{BB93941F-B9D9-4D2A-90FC-1FD46C2787DF}.Release|iPhone.Build.0 = Release|Any CPU
		{BB93941F-B9D9-4D2A-90FC-1FD46C2787DF}.Release|iPhoneSimulator.ActiveCfg = Release|Any CPU
		{BB93941F-B9D9-4D2A-90FC-1FD46C2787DF}.Release|iPhoneSimulator.Build.0 = Release|Any CPU
	EndGlobalSection
	GlobalSection(SolutionProperties) = preSolution
		HideSolutionNode = FALSE
	EndGlobalSection
	GlobalSection(ExtensibilityGlobals) = postSolution
		SolutionGuid = {E42127B9-FF45-4BC5-A971-6F987A34CD28}
	EndGlobalSection
EndGlobal
